// !$*UTF8*$!
{
	archiveVersion = 1;
	classes = {
	};
	objectVersion = 46;
	objects = {

/* Begin PBXBuildFile section */
		7FD7F9921C35B49700DCACB2 /* AppDelegate.swift in Sources */ = {isa = PBXBuildFile; fileRef = 7FD7F9911C35B49700DCACB2 /* AppDelegate.swift */; };
		7FD7F9961C35B49700DCACB2 /* PiScene.swift in Sources */ = {isa = PBXBuildFile; fileRef = 7FD7F9951C35B49700DCACB2 /* PiScene.swift */; };
		7FD7F9981C35B49700DCACB2 /* GameViewController.swift in Sources */ = {isa = PBXBuildFile; fileRef = 7FD7F9971C35B49700DCACB2 /* GameViewController.swift */; };
		7FD7F99B1C35B49700DCACB2 /* Main.storyboard in Resources */ = {isa = PBXBuildFile; fileRef = 7FD7F9991C35B49700DCACB2 /* Main.storyboard */; };
		7FD7F99D1C35B49700DCACB2 /* Assets.xcassets in Resources */ = {isa = PBXBuildFile; fileRef = 7FD7F99C1C35B49700DCACB2 /* Assets.xcassets */; };
		7FD7F9A01C35B49700DCACB2 /* LaunchScreen.storyboard in Resources */ = {isa = PBXBuildFile; fileRef = 7FD7F99E1C35B49700DCACB2 /* LaunchScreen.storyboard */; };
		7FD7F9AA1C35B54100DCACB2 /* spark.png in Resources */ = {isa = PBXBuildFile; fileRef = 7FD7F9A81C35B54100DCACB2 /* spark.png */; };
		7FD7F9AE1C35BA6C00DCACB2 /* pi_10_000_000.txt in Resources */ = {isa = PBXBuildFile; fileRef = 7FD7F9AD1C35BA6C00DCACB2 /* pi_10_000_000.txt */; };
		7FD7F9B01C35BA7B00DCACB2 /* ColorExtension.swift in Sources */ = {isa = PBXBuildFile; fileRef = 7FD7F9AF1C35BA7B00DCACB2 /* ColorExtension.swift */; };
		7FD7F9B21C35D2F500DCACB2 /* FireSpark.sks in Resources */ = {isa = PBXBuildFile; fileRef = 7FD7F9B11C35D2F500DCACB2 /* FireSpark.sks */; };
		7FD7F9B41C35DAEB00DCACB2 /* FireSpark1.sks in Resources */ = {isa = PBXBuildFile; fileRef = 7FD7F9B31C35DAEB00DCACB2 /* FireSpark1.sks */; };
/* End PBXBuildFile section */

/* Begin PBXFileReference section */
		7FD7F98E1C35B49700DCACB2 /* FibonacciWorks.app */ = {isa = PBXFileReference; explicitFileType = wrapper.application; includeInIndex = 0; path = FibonacciWorks.app; sourceTree = BUILT_PRODUCTS_DIR; };
		7FD7F9911C35B49700DCACB2 /* AppDelegate.swift */ = {isa = PBXFileReference; lastKnownFileType = sourcecode.swift; path = AppDelegate.swift; sourceTree = "<group>"; };
		7FD7F9951C35B49700DCACB2 /* PiScene.swift */ = {isa = PBXFileReference; lastKnownFileType = sourcecode.swift; path = PiScene.swift; sourceTree = "<group>"; };
		7FD7F9971C35B49700DCACB2 /* GameViewController.swift */ = {isa = PBXFileReference; lastKnownFileType = sourcecode.swift; path = GameViewController.swift; sourceTree = "<group>"; };
		7FD7F99A1C35B49700DCACB2 /* Base */ = {isa = PBXFileReference; lastKnownFileType = file.storyboard; name = Base; path = Base.lproj/Main.storyboard; sourceTree = "<group>"; };
		7FD7F99C1C35B49700DCACB2 /* Assets.xcassets */ = {isa = PBXFileReference; lastKnownFileType = folder.assetcatalog; path = Assets.xcassets; sourceTree = "<group>"; };
		7FD7F99F1C35B49700DCACB2 /* Base */ = {isa = PBXFileReference; lastKnownFileType = file.storyboard; name = Base; path = Base.lproj/LaunchScreen.storyboard; sourceTree = "<group>"; };
		7FD7F9A11C35B49700DCACB2 /* Info.plist */ = {isa = PBXFileReference; lastKnownFileType = text.plist.xml; path = Info.plist; sourceTree = "<group>"; };
		7FD7F9A81C35B54100DCACB2 /* spark.png */ = {isa = PBXFileReference; lastKnownFileType = image.png; path = spark.png; sourceTree = "<group>"; };
		7FD7F9AD1C35BA6C00DCACB2 /* pi_10_000_000.txt */ = {isa = PBXFileReference; fileEncoding = 4; lastKnownFileType = text; path = pi_10_000_000.txt; sourceTree = "<group>"; };
		7FD7F9AF1C35BA7B00DCACB2 /* ColorExtension.swift */ = {isa = PBXFileReference; fileEncoding = 4; lastKnownFileType = sourcecode.swift; path = ColorExtension.swift; sourceTree = "<group>"; };
		7FD7F9B11C35D2F500DCACB2 /* FireSpark.sks */ = {isa = PBXFileReference; lastKnownFileType = file.sks; path = FireSpark.sks; sourceTree = "<group>"; };
		7FD7F9B31C35DAEB00DCACB2 /* FireSpark1.sks */ = {isa = PBXFileReference; lastKnownFileType = file.sks; path = FireSpark1.sks; sourceTree = "<group>"; };
/* End PBXFileReference section */

/* Begin PBXFrameworksBuildPhase section */
		7FD7F98B1C35B49700DCACB2 /* Frameworks */ = {
			isa = PBXFrameworksBuildPhase;
			buildActionMask = 2147483647;
			files = (
			);
			runOnlyForDeploymentPostprocessing = 0;
		};
/* End PBXFrameworksBuildPhase section */

/* Begin PBXGroup section */
		7FD7F9851C35B49700DCACB2 = {
			isa = PBXGroup;
			children = (
				7FD7F9901C35B49700DCACB2 /* FibonacciWorks */,
				7FD7F98F1C35B49700DCACB2 /* Products */,
			);
			sourceTree = "<group>";
		};
		7FD7F98F1C35B49700DCACB2 /* Products */ = {
			isa = PBXGroup;
			children = (
				7FD7F98E1C35B49700DCACB2 /* FibonacciWorks.app */,
			);
			name = Products;
			sourceTree = "<group>";
		};
		7FD7F9901C35B49700DCACB2 /* FibonacciWorks */ = {
			isa = PBXGroup;
			children = (
				7FD7F9911C35B49700DCACB2 /* AppDelegate.swift */,
				7FD7F9A81C35B54100DCACB2 /* spark.png */,
				7FD7F9B11C35D2F500DCACB2 /* FireSpark.sks */,
				7FD7F9B31C35DAEB00DCACB2 /* FireSpark1.sks */,
				7FD7F9951C35B49700DCACB2 /* PiScene.swift */,
				7FD7F9971C35B49700DCACB2 /* GameViewController.swift */,
				7FD7F9991C35B49700DCACB2 /* Main.storyboard */,
				7FD7F99C1C35B49700DCACB2 /* Assets.xcassets */,
				7FD7F99E1C35B49700DCACB2 /* LaunchScreen.storyboard */,
				7FD7F9AD1C35BA6C00DCACB2 /* pi_10_000_000.txt */,
				7FD7F9A11C35B49700DCACB2 /* Info.plist */,
				7FD7F9AF1C35BA7B00DCACB2 /* ColorExtension.swift */,
			);
			path = FibonacciWorks;
			sourceTree = "<group>";
		};
/* End PBXGroup section */

/* Begin PBXNativeTarget section */
		7FD7F98D1C35B49700DCACB2 /* FibonacciWorks */ = {
			isa = PBXNativeTarget;
			buildConfigurationList = 7FD7F9A41C35B49700DCACB2 /* Build configuration list for PBXNativeTarget "FibonacciWorks" */;
			buildPhases = (
				7FD7F98A1C35B49700DCACB2 /* Sources */,
				7FD7F98B1C35B49700DCACB2 /* Frameworks */,
				7FD7F98C1C35B49700DCACB2 /* Resources */,
			);
			buildRules = (
			);
			dependencies = (
			);
			name = FibonacciWorks;
			productName = FibonacciWorks;
			productReference = 7FD7F98E1C35B49700DCACB2 /* FibonacciWorks.app */;
			productType = "com.apple.product-type.application";
		};
/* End PBXNativeTarget section */

/* Begin PBXProject section */
		7FD7F9861C35B49700DCACB2 /* Project object */ = {
			isa = PBXProject;
			attributes = {
				LastSwiftUpdateCheck = 0720;
				LastUpgradeCheck = 0720;
				ORGANIZATIONNAME = "Leo Mehlig";
				TargetAttributes = {
					7FD7F98D1C35B49700DCACB2 = {
						CreatedOnToolsVersion = 7.2;
					};
				};
			};
			buildConfigurationList = 7FD7F9891C35B49700DCACB2 /* Build configuration list for PBXProject "FibonacciWorks" */;
			compatibilityVersion = "Xcode 3.2";
			developmentRegion = English;
			hasScannedForEncodings = 0;
			knownRegions = (
				en,
				Base,
			);
			mainGroup = 7FD7F9851C35B49700DCACB2;
			productRefGroup = 7FD7F98F1C35B49700DCACB2 /* Products */;
			projectDirPath = "";
			projectRoot = "";
			targets = (
				7FD7F98D1C35B49700DCACB2 /* FibonacciWorks */,
			);
		};
/* End PBXProject section */

/* Begin PBXResourcesBuildPhase section */
		7FD7F98C1C35B49700DCACB2 /* Resources */ = {
			isa = PBXResourcesBuildPhase;
			buildActionMask = 2147483647;
			files = (
				7FD7F9AA1C35B54100DCACB2 /* spark.png in Resources */,
				7FD7F9B41C35DAEB00DCACB2 /* FireSpark1.sks in Resources */,
				7FD7F9A01C35B49700DCACB2 /* LaunchScreen.storyboard in Resources */,
				7FD7F99D1C35B49700DCACB2 /* Assets.xcassets in Resources */,
				7FD7F9AE1C35BA6C00DCACB2 /* pi_10_000_000.txt in Resources */,
				7FD7F9B21C35D2F500DCACB2 /* FireSpark.sks in Resources */,
				7FD7F99B1C35B49700DCACB2 /* Main.storyboard in Resources */,
			);
			runOnlyForDeploymentPostprocessing = 0;
		};
/* End PBXResourcesBuildPhase section */

/* Begin PBXSourcesBuildPhase section */
		7FD7F98A1C35B49700DCACB2 /* Sources */ = {
			isa = PBXSourcesBuildPhase;
			buildActionMask = 2147483647;
			files = (
				7FD7F9961C35B49700DCACB2 /* PiScene.swift in Sources */,
				7FD7F9981C35B49700DCACB2 /* GameViewController.swift in Sources */,
				7FD7F9921C35B49700DCACB2 /* AppDelegate.swift in Sources */,
				7FD7F9B01C35BA7B00DCACB2 /* ColorExtension.swift in Sources */,
			);
			runOnlyForDeploymentPostprocessing = 0;
		};
/* End PBXSourcesBuildPhase section */

/* Begin PBXVariantGroup section */
		7FD7F9991C35B49700DCACB2 /* Main.storyboard */ = {
			isa = PBXVariantGroup;
			children = (
				7FD7F99A1C35B49700DCACB2 /* Base */,
			);
			name = Main.storyboard;
			sourceTree = "<group>";
		};
		7FD7F99E1C35B49700DCACB2 /* LaunchScreen.storyboard */ = {
			isa = PBXVariantGroup;
			children = (
				7FD7F99F1C35B49700DCACB2 /* Base */,
			);
			name = LaunchScreen.storyboard;
			sourceTree = "<group>";
		};
/* End PBXVariantGroup section */

/* Begin XCBuildConfiguration section */
		7FD7F9A21C35B49700DCACB2 /* Debug */ = {
			isa = XCBuildConfiguration;
			buildSettings = {
				ALWAYS_SEARCH_USER_PATHS = NO;
				CLANG_CXX_LANGUAGE_STANDARD = "gnu++0x";
				CLANG_CXX_LIBRARY = "libc++";
				CLANG_ENABLE_MODULES = YES;
				CLANG_ENABLE_OBJC_ARC = YES;
				CLANG_WARN_BOOL_CONVERSION = YES;
				CLANG_WARN_CONSTANT_CONVERSION = YES;
				CLANG_WARN_DIRECT_OBJC_ISA_USAGE = YES_ERROR;
				CLANG_WARN_EMPTY_BODY = YES;
				CLANG_WARN_ENUM_CONVERSION = YES;
				CLANG_WARN_INT_CONVERSION = YES;
				CLANG_WARN_OBJC_ROOT_CLASS = YES_ERROR;
				CLANG_WARN_UNREACHABLE_CODE = YES;
				CLANG_WARN__DUPLICATE_METHOD_MATCH = YES;
				"CODE_SIGN_IDENTITY[sdk=iphoneos*]" = "iPhone Developer";
				COPY_PHASE_STRIP = NO;
				DEBUG_INFORMATION_FORMAT = "dwarf-with-dsym";
				ENABLE_STRICT_OBJC_MSGSEND = YES;
				ENABLE_TESTABILITY = YES;
				GCC_C_LANGUAGE_STANDARD = gnu99;
				GCC_DYNAMIC_NO_PIC = NO;
				GCC_NO_COMMON_BLOCKS = YES;
				GCC_OPTIMIZATION_LEVEL = 0;
				GCC_PREPROCESSOR_DEFINITIONS = (
					"DEBUG=1",
					"$(inherited)",
				);
				GCC_WARN_64_TO_32_BIT_CONVERSION = YES;
				GCC_WARN_ABOUT_RETURN_TYPE = YES_ERROR;
				GCC_WARN_UNDECLARED_SELECTOR = YES;
				GCC_WARN_UNINITIALIZED_AUTOS = YES_AGGRESSIVE;
				GCC_WARN_UNUSED_FUNCTION = YES;
				GCC_WARN_UNUSED_VARIABLE = YES;
				IPHONEOS_DEPLOYMENT_TARGET = 9.2;
				MTL_ENABLE_DEBUG_INFO = YES;
				ONLY_ACTIVE_ARCH = YES;
				SDKROOT = iphoneos;
				SWIFT_OPTIMIZATION_LEVEL = "-Onone";
				TARGETED_DEVICE_FAMILY = "1,2";
			};
			name = Debug;
		};
		7FD7F9A31C35B49700DCACB2 /* Release */ = {
			isa = XCBuildConfiguration;
			buildSettings = {
				ALWAYS_SEARCH_USER_PATHS = NO;
				CLANG_CXX_LANGUAGE_STANDARD = "gnu++0x";
				CLANG_CXX_LIBRARY = "libc++";
				CLANG_ENABLE_MODULES = YES;
				CLANG_ENABLE_OBJC_ARC = YES;
				CLANG_WARN_BOOL_CONVERSION = YES;
				CLANG_WARN_CONSTANT_CONVERSION = YES;
				CLANG_WARN_DIRECT_OBJC_ISA_USAGE = YES_ERROR;
				CLANG_WARN_EMPTY_BODY = YES;
				CLANG_WARN_ENUM_CONVERSION = YES;
				CLANG_WARN_INT_CONVERSION = YES;
				CLANG_WARN_OBJC_ROOT_CLASS = YES_ERROR;
				CLANG_WARN_UNREACHABLE_CODE = YES;
				CLANG_WARN__DUPLICATE_METHOD_MATCH = YES;
				"CODE_SIGN_IDENTITY[sdk=iphoneos*]" = "iPhone Developer";
				COPY_PHASE_STRIP = NO;
				DEBUG_INFORMATION_FORMAT = "dwarf-with-dsym";
				ENABLE_NS_ASSERTIONS = NO;
				ENABLE_STRICT_OBJC_MSGSEND = YES;
				GCC_C_LANGUAGE_STANDARD = gnu99;
				GCC_NO_COMMON_BLOCKS = YES;
				GCC_WARN_64_TO_32_BIT_CONVERSION = YES;
				GCC_WARN_ABOUT_RETURN_TYPE = YES_ERROR;
				GCC_WARN_UNDECLARED_SELECTOR = YES;
				GCC_WARN_UNINITIALIZED_AUTOS = YES_AGGRESSIVE;
				GCC_WARN_UNUSED_FUNCTION = YES;
				GCC_WARN_UNUSED_VARIABLE = YES;
				IPHONEOS_DEPLOYMENT_TARGET = 9.2;
				MTL_ENABLE_DEBUG_INFO = NO;
				SDKROOT = iphoneos;
				TARGETED_DEVICE_FAMILY = "1,2";
				VALIDATE_PRODUCT = YES;
			};
			name = Release;
		};
		7FD7F9A51C35B49700DCACB2 /* Debug */ = {
			isa = XCBuildConfiguration;
			buildSettings = {
				ASSETCATALOG_COMPILER_APPICON_NAME = AppIcon;
				INFOPLIST_FILE = FibonacciWorks/Info.plist;
				LD_RUNPATH_SEARCH_PATHS = "$(inherited) @executable_path/Frameworks";
				PRODUCT_BUNDLE_IDENTIFIER = com.leoMehlig.FibonacciWorks;
				PRODUCT_NAME = "$(TARGET_NAME)";
			};
			name = Debug;
		};
		7FD7F9A61C35B49700DCACB2 /* Release */ = {
			isa = XCBuildConfiguration;
			buildSettings = {
				ASSETCATALOG_COMPILER_APPICON_NAME = AppIcon;
				INFOPLIST_FILE = FibonacciWorks/Info.plist;
				LD_RUNPATH_SEARCH_PATHS = "$(inherited) @executable_path/Frameworks";
				PRODUCT_BUNDLE_IDENTIFIER = com.leoMehlig.FibonacciWorks;
				PRODUCT_NAME = "$(TARGET_NAME)";
			};
			name = Release;
		};
/* End XCBuildConfiguration section */

/* Begin XCConfigurationList section */
		7FD7F9891C35B49700DCACB2 /* Build configuration list for PBXProject "FibonacciWorks" */ = {
			isa = XCConfigurationList;
			buildConfigurations = (
				7FD7F9A21C35B49700DCACB2 /* Debug */,
				7FD7F9A31C35B49700DCACB2 /* Release */,
			);
			defaultConfigurationIsVisible = 0;
			defaultConfigurationName = Release;
		};
		7FD7F9A41C35B49700DCACB2 /* Build configuration list for PBXNativeTarget "FibonacciWorks" */ = {
			isa = XCConfigurationList;
			buildConfigurations = (
				7FD7F9A51C35B49700DCACB2 /* Debug */,
				7FD7F9A61C35B49700DCACB2 /* Release */,
			);
			defaultConfigurationIsVisible = 0;
		};
/* End XCConfigurationList section */
	};
	rootObject = 7FD7F9861C35B49700DCACB2 /* Project object */;
}
